// !$*UTF8*$!
{
	archiveVersion = 1;
	classes = {
	};
	objectVersion = 46;
	objects = {

/* Begin PBXBuildFile section */
		C5CBBD771EE77A160095C557 /* AppDelegate.swift in Sources */ = {isa = PBXBuildFile; fileRef = C5CBBD761EE77A160095C557 /* AppDelegate.swift */; };
		C5CBBD791EE77A160095C557 /* ViewController.swift in Sources */ = {isa = PBXBuildFile; fileRef = C5CBBD781EE77A160095C557 /* ViewController.swift */; };
		C5CBBD7C1EE77A160095C557 /* Main.storyboard in Resources */ = {isa = PBXBuildFile; fileRef = C5CBBD7A1EE77A160095C557 /* Main.storyboard */; };
		C5CBBD7E1EE77A160095C557 /* Assets.xcassets in Resources */ = {isa = PBXBuildFile; fileRef = C5CBBD7D1EE77A160095C557 /* Assets.xcassets */; };
		C5CBBD811EE77A160095C557 /* LaunchScreen.storyboard in Resources */ = {isa = PBXBuildFile; fileRef = C5CBBD7F1EE77A160095C557 /* LaunchScreen.storyboard */; };
		C5CBBD8C1EE77A160095C557 /* WalletTestTests.swift in Sources */ = {isa = PBXBuildFile; fileRef = C5CBBD8B1EE77A160095C557 /* WalletTestTests.swift */; };
		C5CBBD971EE77A160095C557 /* WalletTestUITests.swift in Sources */ = {isa = PBXBuildFile; fileRef = C5CBBD961EE77A160095C557 /* WalletTestUITests.swift */; };
		C5CBBDD61EE7C1990095C557 /* icon.png in Resources */ = {isa = PBXBuildFile; fileRef = C5CBBDAC1EE7C1990095C557 /* icon.png */; };
		C5CBBDD71EE7C1990095C557 /* icon@2x.png in Resources */ = {isa = PBXBuildFile; fileRef = C5CBBDAD1EE7C1990095C557 /* icon@2x.png */; };
		C5CBBDD81EE7C1990095C557 /* logo.png in Resources */ = {isa = PBXBuildFile; fileRef = C5CBBDAE1EE7C1990095C557 /* logo.png */; };
		C5CBBDD91EE7C1990095C557 /* logo@2x.png in Resources */ = {isa = PBXBuildFile; fileRef = C5CBBDAF1EE7C1990095C557 /* logo@2x.png */; };
		C5CBBDDA1EE7C1990095C557 /* pass.json in Resources */ = {isa = PBXBuildFile; fileRef = C5CBBDB01EE7C1990095C557 /* pass.json */; };
		C5CBBDDB1EE7C1990095C557 /* BoardingPass.pkpass in Resources */ = {isa = PBXBuildFile; fileRef = C5CBBDB11EE7C1990095C557 /* BoardingPass.pkpass */; };
		C5CBBDDC1EE7C1990095C557 /* icon.png in Resources */ = {isa = PBXBuildFile; fileRef = C5CBBDB31EE7C1990095C557 /* icon.png */; };
		C5CBBDDD1EE7C1990095C557 /* icon@2x.png in Resources */ = {isa = PBXBuildFile; fileRef = C5CBBDB41EE7C1990095C557 /* icon@2x.png */; };
		C5CBBDDE1EE7C1990095C557 /* logo.png in Resources */ = {isa = PBXBuildFile; fileRef = C5CBBDB51EE7C1990095C557 /* logo.png */; };
		C5CBBDDF1EE7C1990095C557 /* logo@2x.png in Resources */ = {isa = PBXBuildFile; fileRef = C5CBBDB61EE7C1990095C557 /* logo@2x.png */; };
		C5CBBDE01EE7C1990095C557 /* pass.json in Resources */ = {isa = PBXBuildFile; fileRef = C5CBBDB71EE7C1990095C557 /* pass.json */; };
		C5CBBDE11EE7C1990095C557 /* Coupon.pkpass in Resources */ = {isa = PBXBuildFile; fileRef = C5CBBDB81EE7C1990095C557 /* Coupon.pkpass */; };
		C5CBBDE21EE7C1990095C557 /* background.png in Resources */ = {isa = PBXBuildFile; fileRef = C5CBBDBA1EE7C1990095C557 /* background.png */; };
		C5CBBDE31EE7C1990095C557 /* background@2x.png in Resources */ = {isa = PBXBuildFile; fileRef = C5CBBDBB1EE7C1990095C557 /* background@2x.png */; };
		C5CBBDE41EE7C1990095C557 /* icon.png in Resources */ = {isa = PBXBuildFile; fileRef = C5CBBDBC1EE7C1990095C557 /* icon.png */; };
		C5CBBDE51EE7C1990095C557 /* icon@2x.png in Resources */ = {isa = PBXBuildFile; fileRef = C5CBBDBD1EE7C1990095C557 /* icon@2x.png */; };
		C5CBBDE61EE7C1990095C557 /* logo.png in Resources */ = {isa = PBXBuildFile; fileRef = C5CBBDBE1EE7C1990095C557 /* logo.png */; };
		C5CBBDE71EE7C1990095C557 /* logo@2x.png in Resources */ = {isa = PBXBuildFile; fileRef = C5CBBDBF1EE7C1990095C557 /* logo@2x.png */; };
		C5CBBDE81EE7C1990095C557 /* pass.json in Resources */ = {isa = PBXBuildFile; fileRef = C5CBBDC01EE7C1990095C557 /* pass.json */; };
		C5CBBDE91EE7C1990095C557 /* thumbnail.png in Resources */ = {isa = PBXBuildFile; fileRef = C5CBBDC11EE7C1990095C557 /* thumbnail.png */; };
		C5CBBDEA1EE7C1990095C557 /* thumbnail@2x.png in Resources */ = {isa = PBXBuildFile; fileRef = C5CBBDC21EE7C1990095C557 /* thumbnail@2x.png */; };
		C5CBBDEB1EE7C1990095C557 /* Event.pkpass in Resources */ = {isa = PBXBuildFile; fileRef = C5CBBDC31EE7C1990095C557 /* Event.pkpass */; };
		C5CBBDEC1EE7C1990095C557 /* icon.png in Resources */ = {isa = PBXBuildFile; fileRef = C5CBBDC51EE7C1990095C557 /* icon.png */; };
		C5CBBDED1EE7C1990095C557 /* icon@2x.png in Resources */ = {isa = PBXBuildFile; fileRef = C5CBBDC61EE7C1990095C557 /* icon@2x.png */; };
		C5CBBDEE1EE7C1990095C557 /* logo.png in Resources */ = {isa = PBXBuildFile; fileRef = C5CBBDC71EE7C1990095C557 /* logo.png */; };
		C5CBBDEF1EE7C1990095C557 /* logo@2x.png in Resources */ = {isa = PBXBuildFile; fileRef = C5CBBDC81EE7C1990095C557 /* logo@2x.png */; };
		C5CBBDF01EE7C1990095C557 /* pass.json in Resources */ = {isa = PBXBuildFile; fileRef = C5CBBDC91EE7C1990095C557 /* pass.json */; };
		C5CBBDF11EE7C1990095C557 /* thumbnail.png in Resources */ = {isa = PBXBuildFile; fileRef = C5CBBDCA1EE7C1990095C557 /* thumbnail.png */; };
		C5CBBDF21EE7C1990095C557 /* thumbnail@2x.png in Resources */ = {isa = PBXBuildFile; fileRef = C5CBBDCB1EE7C1990095C557 /* thumbnail@2x.png */; };
		C5CBBDF31EE7C1990095C557 /* Generic.pkpass in Resources */ = {isa = PBXBuildFile; fileRef = C5CBBDCC1EE7C1990095C557 /* Generic.pkpass */; };
		C5CBBDF41EE7C1990095C557 /* signpass in Resources */ = {isa = PBXBuildFile; fileRef = C5CBBDCD1EE7C1990095C557 /* signpass */; };
		C5CBBDF51EE7C1990095C557 /* icon.png in Resources */ = {isa = PBXBuildFile; fileRef = C5CBBDCF1EE7C1990095C557 /* icon.png */; };
		C5CBBDF61EE7C1990095C557 /* icon@2x.png in Resources */ = {isa = PBXBuildFile; fileRef = C5CBBDD01EE7C1990095C557 /* icon@2x.png */; };
		C5CBBDF71EE7C1990095C557 /* logo.png in Resources */ = {isa = PBXBuildFile; fileRef = C5CBBDD11EE7C1990095C557 /* logo.png */; };
		C5CBBDF81EE7C1990095C557 /* pass.json in Resources */ = {isa = PBXBuildFile; fileRef = C5CBBDD21EE7C1990095C557 /* pass.json */; };
		C5CBBDF91EE7C1990095C557 /* strip.png in Resources */ = {isa = PBXBuildFile; fileRef = C5CBBDD31EE7C1990095C557 /* strip.png */; };
		C5CBBDFA1EE7C1990095C557 /* strip@2x.png in Resources */ = {isa = PBXBuildFile; fileRef = C5CBBDD41EE7C1990095C557 /* strip@2x.png */; };
		C5CBBDFB1EE7C1990095C557 /* StoreCard.pkpass in Resources */ = {isa = PBXBuildFile; fileRef = C5CBBDD51EE7C1990095C557 /* StoreCard.pkpass */; };
/* End PBXBuildFile section */

/* Begin PBXContainerItemProxy section */
		C5CBBD881EE77A160095C557 /* PBXContainerItemProxy */ = {
			isa = PBXContainerItemProxy;
			containerPortal = C5CBBD6B1EE77A160095C557 /* Project object */;
			proxyType = 1;
			remoteGlobalIDString = C5CBBD721EE77A160095C557;
			remoteInfo = WalletTest;
		};
		C5CBBD931EE77A160095C557 /* PBXContainerItemProxy */ = {
			isa = PBXContainerItemProxy;
			containerPortal = C5CBBD6B1EE77A160095C557 /* Project object */;
			proxyType = 1;
			remoteGlobalIDString = C5CBBD721EE77A160095C557;
			remoteInfo = WalletTest;
		};
/* End PBXContainerItemProxy section */

/* Begin PBXFileReference section */
		C5CBBD731EE77A160095C557 /* WalletTest.app */ = {isa = PBXFileReference; explicitFileType = wrapper.application; includeInIndex = 0; path = WalletTest.app; sourceTree = BUILT_PRODUCTS_DIR; };
		C5CBBD761EE77A160095C557 /* AppDelegate.swift */ = {isa = PBXFileReference; lastKnownFileType = sourcecode.swift; path = AppDelegate.swift; sourceTree = "<group>"; };
		C5CBBD781EE77A160095C557 /* ViewController.swift */ = {isa = PBXFileReference; lastKnownFileType = sourcecode.swift; path = ViewController.swift; sourceTree = "<group>"; };
		C5CBBD7B1EE77A160095C557 /* Base */ = {isa = PBXFileReference; lastKnownFileType = file.storyboard; name = Base; path = Base.lproj/Main.storyboard; sourceTree = "<group>"; };
		C5CBBD7D1EE77A160095C557 /* Assets.xcassets */ = {isa = PBXFileReference; lastKnownFileType = folder.assetcatalog; path = Assets.xcassets; sourceTree = "<group>"; };
		C5CBBD801EE77A160095C557 /* Base */ = {isa = PBXFileReference; lastKnownFileType = file.storyboard; name = Base; path = Base.lproj/LaunchScreen.storyboard; sourceTree = "<group>"; };
		C5CBBD821EE77A160095C557 /* Info.plist */ = {isa = PBXFileReference; lastKnownFileType = text.plist.xml; path = Info.plist; sourceTree = "<group>"; };
		C5CBBD871EE77A160095C557 /* WalletTestTests.xctest */ = {isa = PBXFileReference; explicitFileType = wrapper.cfbundle; includeInIndex = 0; path = WalletTestTests.xctest; sourceTree = BUILT_PRODUCTS_DIR; };
		C5CBBD8B1EE77A160095C557 /* WalletTestTests.swift */ = {isa = PBXFileReference; lastKnownFileType = sourcecode.swift; path = WalletTestTests.swift; sourceTree = "<group>"; };
		C5CBBD8D1EE77A160095C557 /* Info.plist */ = {isa = PBXFileReference; lastKnownFileType = text.plist.xml; path = Info.plist; sourceTree = "<group>"; };
		C5CBBD921EE77A160095C557 /* WalletTestUITests.xctest */ = {isa = PBXFileReference; explicitFileType = wrapper.cfbundle; includeInIndex = 0; path = WalletTestUITests.xctest; sourceTree = BUILT_PRODUCTS_DIR; };
		C5CBBD961EE77A160095C557 /* WalletTestUITests.swift */ = {isa = PBXFileReference; lastKnownFileType = sourcecode.swift; path = WalletTestUITests.swift; sourceTree = "<group>"; };
		C5CBBD981EE77A160095C557 /* Info.plist */ = {isa = PBXFileReference; lastKnownFileType = text.plist.xml; path = Info.plist; sourceTree = "<group>"; };
		C5CBBDAC1EE7C1990095C557 /* icon.png */ = {isa = PBXFileReference; lastKnownFileType = image.png; path = icon.png; sourceTree = "<group>"; };
		C5CBBDAD1EE7C1990095C557 /* icon@2x.png */ = {isa = PBXFileReference; lastKnownFileType = image.png; path = "icon@2x.png"; sourceTree = "<group>"; };
		C5CBBDAE1EE7C1990095C557 /* logo.png */ = {isa = PBXFileReference; lastKnownFileType = image.png; path = logo.png; sourceTree = "<group>"; };
		C5CBBDAF1EE7C1990095C557 /* logo@2x.png */ = {isa = PBXFileReference; lastKnownFileType = image.png; path = "logo@2x.png"; sourceTree = "<group>"; };
		C5CBBDB01EE7C1990095C557 /* pass.json */ = {isa = PBXFileReference; fileEncoding = 4; lastKnownFileType = text.json; path = pass.json; sourceTree = "<group>"; };
		C5CBBDB11EE7C1990095C557 /* BoardingPass.pkpass */ = {isa = PBXFileReference; lastKnownFileType = file; path = BoardingPass.pkpass; sourceTree = "<group>"; };
		C5CBBDB31EE7C1990095C557 /* icon.png */ = {isa = PBXFileReference; lastKnownFileType = image.png; path = icon.png; sourceTree = "<group>"; };
		C5CBBDB41EE7C1990095C557 /* icon@2x.png */ = {isa = PBXFileReference; lastKnownFileType = image.png; path = "icon@2x.png"; sourceTree = "<group>"; };
		C5CBBDB51EE7C1990095C557 /* logo.png */ = {isa = PBXFileReference; lastKnownFileType = image.png; path = logo.png; sourceTree = "<group>"; };
		C5CBBDB61EE7C1990095C557 /* logo@2x.png */ = {isa = PBXFileReference; lastKnownFileType = image.png; path = "logo@2x.png"; sourceTree = "<group>"; };
		C5CBBDB71EE7C1990095C557 /* pass.json */ = {isa = PBXFileReference; fileEncoding = 4; lastKnownFileType = text.json; path = pass.json; sourceTree = "<group>"; };
		C5CBBDB81EE7C1990095C557 /* Coupon.pkpass */ = {isa = PBXFileReference; lastKnownFileType = file; path = Coupon.pkpass; sourceTree = "<group>"; };
		C5CBBDBA1EE7C1990095C557 /* background.png */ = {isa = PBXFileReference; lastKnownFileType = image.png; path = background.png; sourceTree = "<group>"; };
		C5CBBDBB1EE7C1990095C557 /* background@2x.png */ = {isa = PBXFileReference; lastKnownFileType = image.png; path = "background@2x.png"; sourceTree = "<group>"; };
		C5CBBDBC1EE7C1990095C557 /* icon.png */ = {isa = PBXFileReference; lastKnownFileType = image.png; path = icon.png; sourceTree = "<group>"; };
		C5CBBDBD1EE7C1990095C557 /* icon@2x.png */ = {isa = PBXFileReference; lastKnownFileType = image.png; path = "icon@2x.png"; sourceTree = "<group>"; };
		C5CBBDBE1EE7C1990095C557 /* logo.png */ = {isa = PBXFileReference; lastKnownFileType = image.png; path = logo.png; sourceTree = "<group>"; };
		C5CBBDBF1EE7C1990095C557 /* logo@2x.png */ = {isa = PBXFileReference; lastKnownFileType = image.png; path = "logo@2x.png"; sourceTree = "<group>"; };
		C5CBBDC01EE7C1990095C557 /* pass.json */ = {isa = PBXFileReference; fileEncoding = 4; lastKnownFileType = text.json; path = pass.json; sourceTree = "<group>"; };
		C5CBBDC11EE7C1990095C557 /* thumbnail.png */ = {isa = PBXFileReference; lastKnownFileType = image.png; path = thumbnail.png; sourceTree = "<group>"; };
		C5CBBDC21EE7C1990095C557 /* thumbnail@2x.png */ = {isa = PBXFileReference; lastKnownFileType = image.png; path = "thumbnail@2x.png"; sourceTree = "<group>"; };
		C5CBBDC31EE7C1990095C557 /* Event.pkpass */ = {isa = PBXFileReference; lastKnownFileType = file; path = Event.pkpass; sourceTree = "<group>"; };
		C5CBBDC51EE7C1990095C557 /* icon.png */ = {isa = PBXFileReference; lastKnownFileType = image.png; path = icon.png; sourceTree = "<group>"; };
		C5CBBDC61EE7C1990095C557 /* icon@2x.png */ = {isa = PBXFileReference; lastKnownFileType = image.png; path = "icon@2x.png"; sourceTree = "<group>"; };
		C5CBBDC71EE7C1990095C557 /* logo.png */ = {isa = PBXFileReference; lastKnownFileType = image.png; path = logo.png; sourceTree = "<group>"; };
		C5CBBDC81EE7C1990095C557 /* logo@2x.png */ = {isa = PBXFileReference; lastKnownFileType = image.png; path = "logo@2x.png"; sourceTree = "<group>"; };
		C5CBBDC91EE7C1990095C557 /* pass.json */ = {isa = PBXFileReference; fileEncoding = 4; lastKnownFileType = text.json; path = pass.json; sourceTree = "<group>"; };
		C5CBBDCA1EE7C1990095C557 /* thumbnail.png */ = {isa = PBXFileReference; lastKnownFileType = image.png; path = thumbnail.png; sourceTree = "<group>"; };
		C5CBBDCB1EE7C1990095C557 /* thumbnail@2x.png */ = {isa = PBXFileReference; lastKnownFileType = image.png; path = "thumbnail@2x.png"; sourceTree = "<group>"; };
		C5CBBDCC1EE7C1990095C557 /* Generic.pkpass */ = {isa = PBXFileReference; lastKnownFileType = file; path = Generic.pkpass; sourceTree = "<group>"; };
		C5CBBDCD1EE7C1990095C557 /* signpass */ = {isa = PBXFileReference; lastKnownFileType = "compiled.mach-o.executable"; path = signpass; sourceTree = "<group>"; };
		C5CBBDCF1EE7C1990095C557 /* icon.png */ = {isa = PBXFileReference; lastKnownFileType = image.png; path = icon.png; sourceTree = "<group>"; };
		C5CBBDD01EE7C1990095C557 /* icon@2x.png */ = {isa = PBXFileReference; lastKnownFileType = image.png; path = "icon@2x.png"; sourceTree = "<group>"; };
		C5CBBDD11EE7C1990095C557 /* logo.png */ = {isa = PBXFileReference; lastKnownFileType = image.png; path = logo.png; sourceTree = "<group>"; };
		C5CBBDD21EE7C1990095C557 /* pass.json */ = {isa = PBXFileReference; fileEncoding = 4; lastKnownFileType = text.json; path = pass.json; sourceTree = "<group>"; };
		C5CBBDD31EE7C1990095C557 /* strip.png */ = {isa = PBXFileReference; lastKnownFileType = image.png; path = strip.png; sourceTree = "<group>"; };
		C5CBBDD41EE7C1990095C557 /* strip@2x.png */ = {isa = PBXFileReference; lastKnownFileType = image.png; path = "strip@2x.png"; sourceTree = "<group>"; };
		C5CBBDD51EE7C1990095C557 /* StoreCard.pkpass */ = {isa = PBXFileReference; lastKnownFileType = file; path = StoreCard.pkpass; sourceTree = "<group>"; };
/* End PBXFileReference section */

/* Begin PBXFrameworksBuildPhase section */
		C5CBBD701EE77A160095C557 /* Frameworks */ = {
			isa = PBXFrameworksBuildPhase;
			buildActionMask = 2147483647;
			files = (
			);
			runOnlyForDeploymentPostprocessing = 0;
		};
		C5CBBD841EE77A160095C557 /* Frameworks */ = {
			isa = PBXFrameworksBuildPhase;
			buildActionMask = 2147483647;
			files = (
			);
			runOnlyForDeploymentPostprocessing = 0;
		};
		C5CBBD8F1EE77A160095C557 /* Frameworks */ = {
			isa = PBXFrameworksBuildPhase;
			buildActionMask = 2147483647;
			files = (
			);
			runOnlyForDeploymentPostprocessing = 0;
		};
/* End PBXFrameworksBuildPhase section */

/* Begin PBXGroup section */
		C5CBBD6A1EE77A160095C557 = {
			isa = PBXGroup;
			children = (
				C5CBBD751EE77A160095C557 /* WalletTest */,
				C5CBBD8A1EE77A160095C557 /* WalletTestTests */,
				C5CBBD951EE77A160095C557 /* WalletTestUITests */,
				C5CBBD741EE77A160095C557 /* Products */,
			);
			sourceTree = "<group>";
		};
		C5CBBD741EE77A160095C557 /* Products */ = {
			isa = PBXGroup;
			children = (
				C5CBBD731EE77A160095C557 /* WalletTest.app */,
				C5CBBD871EE77A160095C557 /* WalletTestTests.xctest */,
				C5CBBD921EE77A160095C557 /* WalletTestUITests.xctest */,
			);
			name = Products;
			sourceTree = "<group>";
		};
		C5CBBD751EE77A160095C557 /* WalletTest */ = {
			isa = PBXGroup;
			children = (
				C5CBBD761EE77A160095C557 /* AppDelegate.swift */,
				C5CBBD781EE77A160095C557 /* ViewController.swift */,
				C5CBBD7A1EE77A160095C557 /* Main.storyboard */,
				C5CBBD7D1EE77A160095C557 /* Assets.xcassets */,
				C5CBBD7F1EE77A160095C557 /* LaunchScreen.storyboard */,
				C5CBBD821EE77A160095C557 /* Info.plist */,
				C5CBBDA41EE77BE80095C557 /* Resources */,
			);
			path = WalletTest;
			sourceTree = "<group>";
		};
		C5CBBD8A1EE77A160095C557 /* WalletTestTests */ = {
			isa = PBXGroup;
			children = (
				C5CBBD8B1EE77A160095C557 /* WalletTestTests.swift */,
				C5CBBD8D1EE77A160095C557 /* Info.plist */,
			);
			path = WalletTestTests;
			sourceTree = "<group>";
		};
		C5CBBD951EE77A160095C557 /* WalletTestUITests */ = {
			isa = PBXGroup;
			children = (
				C5CBBD961EE77A160095C557 /* WalletTestUITests.swift */,
				C5CBBD981EE77A160095C557 /* Info.plist */,
			);
			path = WalletTestUITests;
			sourceTree = "<group>";
		};
		C5CBBDA41EE77BE80095C557 /* Resources */ = {
			isa = PBXGroup;
			children = (
				C5CBBDAA1EE7C1990095C557 /* Passes */,
			);
			path = Resources;
			sourceTree = "<group>";
		};
		C5CBBDAA1EE7C1990095C557 /* Passes */ = {
			isa = PBXGroup;
			children = (
				C5CBBDAB1EE7C1990095C557 /* BoardingPass.pass */,
				C5CBBDB11EE7C1990095C557 /* BoardingPass.pkpass */,
				C5CBBDB21EE7C1990095C557 /* Coupon.pass */,
				C5CBBDB81EE7C1990095C557 /* Coupon.pkpass */,
				C5CBBDB91EE7C1990095C557 /* Event.pass */,
				C5CBBDC31EE7C1990095C557 /* Event.pkpass */,
				C5CBBDC41EE7C1990095C557 /* Generic.pass */,
				C5CBBDCC1EE7C1990095C557 /* Generic.pkpass */,
				C5CBBDCD1EE7C1990095C557 /* signpass */,
				C5CBBDCE1EE7C1990095C557 /* StoreCard.pass */,
				C5CBBDD51EE7C1990095C557 /* StoreCard.pkpass */,
			);
			path = Passes;
			sourceTree = "<group>";
		};
		C5CBBDAB1EE7C1990095C557 /* BoardingPass.pass */ = {
			isa = PBXGroup;
			children = (
				C5CBBDAC1EE7C1990095C557 /* icon.png */,
				C5CBBDAD1EE7C1990095C557 /* icon@2x.png */,
				C5CBBDAE1EE7C1990095C557 /* logo.png */,
				C5CBBDAF1EE7C1990095C557 /* logo@2x.png */,
				C5CBBDB01EE7C1990095C557 /* pass.json */,
			);
			path = BoardingPass.pass;
			sourceTree = "<group>";
		};
		C5CBBDB21EE7C1990095C557 /* Coupon.pass */ = {
			isa = PBXGroup;
			children = (
				C5CBBDB31EE7C1990095C557 /* icon.png */,
				C5CBBDB41EE7C1990095C557 /* icon@2x.png */,
				C5CBBDB51EE7C1990095C557 /* logo.png */,
				C5CBBDB61EE7C1990095C557 /* logo@2x.png */,
				C5CBBDB71EE7C1990095C557 /* pass.json */,
			);
			path = Coupon.pass;
			sourceTree = "<group>";
		};
		C5CBBDB91EE7C1990095C557 /* Event.pass */ = {
			isa = PBXGroup;
			children = (
				C5CBBDBA1EE7C1990095C557 /* background.png */,
				C5CBBDBB1EE7C1990095C557 /* background@2x.png */,
				C5CBBDBC1EE7C1990095C557 /* icon.png */,
				C5CBBDBD1EE7C1990095C557 /* icon@2x.png */,
				C5CBBDBE1EE7C1990095C557 /* logo.png */,
				C5CBBDBF1EE7C1990095C557 /* logo@2x.png */,
				C5CBBDC01EE7C1990095C557 /* pass.json */,
				C5CBBDC11EE7C1990095C557 /* thumbnail.png */,
				C5CBBDC21EE7C1990095C557 /* thumbnail@2x.png */,
			);
			path = Event.pass;
			sourceTree = "<group>";
		};
		C5CBBDC41EE7C1990095C557 /* Generic.pass */ = {
			isa = PBXGroup;
			children = (
				C5CBBDC51EE7C1990095C557 /* icon.png */,
				C5CBBDC61EE7C1990095C557 /* icon@2x.png */,
				C5CBBDC71EE7C1990095C557 /* logo.png */,
				C5CBBDC81EE7C1990095C557 /* logo@2x.png */,
				C5CBBDC91EE7C1990095C557 /* pass.json */,
				C5CBBDCA1EE7C1990095C557 /* thumbnail.png */,
				C5CBBDCB1EE7C1990095C557 /* thumbnail@2x.png */,
			);
			path = Generic.pass;
			sourceTree = "<group>";
		};
		C5CBBDCE1EE7C1990095C557 /* StoreCard.pass */ = {
			isa = PBXGroup;
			children = (
				C5CBBDCF1EE7C1990095C557 /* icon.png */,
				C5CBBDD01EE7C1990095C557 /* icon@2x.png */,
				C5CBBDD11EE7C1990095C557 /* logo.png */,
				C5CBBDD21EE7C1990095C557 /* pass.json */,
				C5CBBDD31EE7C1990095C557 /* strip.png */,
				C5CBBDD41EE7C1990095C557 /* strip@2x.png */,
			);
			path = StoreCard.pass;
			sourceTree = "<group>";
		};
/* End PBXGroup section */

/* Begin PBXNativeTarget section */
		C5CBBD721EE77A160095C557 /* WalletTest */ = {
			isa = PBXNativeTarget;
			buildConfigurationList = C5CBBD9B1EE77A160095C557 /* Build configuration list for PBXNativeTarget "WalletTest" */;
			buildPhases = (
				C5CBBD6F1EE77A160095C557 /* Sources */,
				C5CBBD701EE77A160095C557 /* Frameworks */,
				C5CBBD711EE77A160095C557 /* Resources */,
			);
			buildRules = (
			);
			dependencies = (
			);
			name = WalletTest;
			productName = WalletTest;
			productReference = C5CBBD731EE77A160095C557 /* WalletTest.app */;
			productType = "com.apple.product-type.application";
		};
		C5CBBD861EE77A160095C557 /* WalletTestTests */ = {
			isa = PBXNativeTarget;
			buildConfigurationList = C5CBBD9E1EE77A160095C557 /* Build configuration list for PBXNativeTarget "WalletTestTests" */;
			buildPhases = (
				C5CBBD831EE77A160095C557 /* Sources */,
				C5CBBD841EE77A160095C557 /* Frameworks */,
				C5CBBD851EE77A160095C557 /* Resources */,
			);
			buildRules = (
			);
			dependencies = (
				C5CBBD891EE77A160095C557 /* PBXTargetDependency */,
			);
			name = WalletTestTests;
			productName = WalletTestTests;
			productReference = C5CBBD871EE77A160095C557 /* WalletTestTests.xctest */;
			productType = "com.apple.product-type.bundle.unit-test";
		};
		C5CBBD911EE77A160095C557 /* WalletTestUITests */ = {
			isa = PBXNativeTarget;
			buildConfigurationList = C5CBBDA11EE77A160095C557 /* Build configuration list for PBXNativeTarget "WalletTestUITests" */;
			buildPhases = (
				C5CBBD8E1EE77A160095C557 /* Sources */,
				C5CBBD8F1EE77A160095C557 /* Frameworks */,
				C5CBBD901EE77A160095C557 /* Resources */,
			);
			buildRules = (
			);
			dependencies = (
				C5CBBD941EE77A160095C557 /* PBXTargetDependency */,
			);
			name = WalletTestUITests;
			productName = WalletTestUITests;
			productReference = C5CBBD921EE77A160095C557 /* WalletTestUITests.xctest */;
			productType = "com.apple.product-type.bundle.ui-testing";
		};
/* End PBXNativeTarget section */

/* Begin PBXProject section */
		C5CBBD6B1EE77A160095C557 /* Project object */ = {
			isa = PBXProject;
			attributes = {
				LastSwiftUpdateCheck = 0830;
				LastUpgradeCheck = 0830;
				ORGANIZATIONNAME = "温天恩";
				TargetAttributes = {
					C5CBBD721EE77A160095C557 = {
						CreatedOnToolsVersion = 8.3.2;
						DevelopmentTeam = ZSR6A6D3S4;
						ProvisioningStyle = Manual;
					};
					C5CBBD861EE77A160095C557 = {
						CreatedOnToolsVersion = 8.3.2;
						DevelopmentTeam = S74JYCAJRL;
						ProvisioningStyle = Automatic;
						TestTargetID = C5CBBD721EE77A160095C557;
					};
					C5CBBD911EE77A160095C557 = {
						CreatedOnToolsVersion = 8.3.2;
						DevelopmentTeam = S74JYCAJRL;
						ProvisioningStyle = Automatic;
						TestTargetID = C5CBBD721EE77A160095C557;
					};
				};
			};
			buildConfigurationList = C5CBBD6E1EE77A160095C557 /* Build configuration list for PBXProject "WalletTest" */;
			compatibilityVersion = "Xcode 3.2";
			developmentRegion = English;
			hasScannedForEncodings = 0;
			knownRegions = (
				en,
				Base,
			);
			mainGroup = C5CBBD6A1EE77A160095C557;
			productRefGroup = C5CBBD741EE77A160095C557 /* Products */;
			projectDirPath = "";
			projectRoot = "";
			targets = (
				C5CBBD721EE77A160095C557 /* WalletTest */,
				C5CBBD861EE77A160095C557 /* WalletTestTests */,
				C5CBBD911EE77A160095C557 /* WalletTestUITests */,
			);
		};
/* End PBXProject section */

/* Begin PBXResourcesBuildPhase section */
		C5CBBD711EE77A160095C557 /* Resources */ = {
			isa = PBXResourcesBuildPhase;
			buildActionMask = 2147483647;
			files = (
				C5CBBDDE1EE7C1990095C557 /* logo.png in Resources */,
				C5CBBDE71EE7C1990095C557 /* logo@2x.png in Resources */,
				C5CBBDF21EE7C1990095C557 /* thumbnail@2x.png in Resources */,
				C5CBBDEC1EE7C1990095C557 /* icon.png in Resources */,
				C5CBBDE11EE7C1990095C557 /* Coupon.pkpass in Resources */,
				C5CBBDF81EE7C1990095C557 /* pass.json in Resources */,
				C5CBBDF11EE7C1990095C557 /* thumbnail.png in Resources */,
				C5CBBDEA1EE7C1990095C557 /* thumbnail@2x.png in Resources */,
				C5CBBDE21EE7C1990095C557 /* background.png in Resources */,
				C5CBBDDB1EE7C1990095C557 /* BoardingPass.pkpass in Resources */,
				C5CBBD811EE77A160095C557 /* LaunchScreen.storyboard in Resources */,
				C5CBBDD91EE7C1990095C557 /* logo@2x.png in Resources */,
				C5CBBDD61EE7C1990095C557 /* icon.png in Resources */,
				C5CBBDF71EE7C1990095C557 /* logo.png in Resources */,
				C5CBBDE01EE7C1990095C557 /* pass.json in Resources */,
				C5CBBD7E1EE77A160095C557 /* Assets.xcassets in Resources */,
				C5CBBDFA1EE7C1990095C557 /* strip@2x.png in Resources */,
				C5CBBDE51EE7C1990095C557 /* icon@2x.png in Resources */,
				C5CBBDE81EE7C1990095C557 /* pass.json in Resources */,
				C5CBBDFB1EE7C1990095C557 /* StoreCard.pkpass in Resources */,
				C5CBBDDD1EE7C1990095C557 /* icon@2x.png in Resources */,
				C5CBBDE61EE7C1990095C557 /* logo.png in Resources */,
				C5CBBDEE1EE7C1990095C557 /* logo.png in Resources */,
				C5CBBDE31EE7C1990095C557 /* background@2x.png in Resources */,
				C5CBBDF51EE7C1990095C557 /* icon.png in Resources */,
				C5CBBDEB1EE7C1990095C557 /* Event.pkpass in Resources */,
				C5CBBDE41EE7C1990095C557 /* icon.png in Resources */,
				C5CBBDF61EE7C1990095C557 /* icon@2x.png in Resources */,
				C5CBBDDC1EE7C1990095C557 /* icon.png in Resources */,
				C5CBBDED1EE7C1990095C557 /* icon@2x.png in Resources */,
				C5CBBDDA1EE7C1990095C557 /* pass.json in Resources */,
				C5CBBDF91EE7C1990095C557 /* strip.png in Resources */,
				C5CBBDF41EE7C1990095C557 /* signpass in Resources */,
				C5CBBDD81EE7C1990095C557 /* logo.png in Resources */,
				C5CBBDEF1EE7C1990095C557 /* logo@2x.png in Resources */,
				C5CBBDE91EE7C1990095C557 /* thumbnail.png in Resources */,
				C5CBBDDF1EE7C1990095C557 /* logo@2x.png in Resources */,
				C5CBBDF01EE7C1990095C557 /* pass.json in Resources */,
				C5CBBDF31EE7C1990095C557 /* Generic.pkpass in Resources */,
				C5CBBD7C1EE77A160095C557 /* Main.storyboard in Resources */,
				C5CBBDD71EE7C1990095C557 /* icon@2x.png in Resources */,
			);
			runOnlyForDeploymentPostprocessing = 0;
		};
		C5CBBD851EE77A160095C557 /* Resources */ = {
			isa = PBXResourcesBuildPhase;
			buildActionMask = 2147483647;
			files = (
			);
			runOnlyForDeploymentPostprocessing = 0;
		};
		C5CBBD901EE77A160095C557 /* Resources */ = {
			isa = PBXResourcesBuildPhase;
			buildActionMask = 2147483647;
			files = (
			);
			runOnlyForDeploymentPostprocessing = 0;
		};
/* End PBXResourcesBuildPhase section */

/* Begin PBXSourcesBuildPhase section */
		C5CBBD6F1EE77A160095C557 /* Sources */ = {
			isa = PBXSourcesBuildPhase;
			buildActionMask = 2147483647;
			files = (
				C5CBBD791EE77A160095C557 /* ViewController.swift in Sources */,
				C5CBBD771EE77A160095C557 /* AppDelegate.swift in Sources */,
			);
			runOnlyForDeploymentPostprocessing = 0;
		};
		C5CBBD831EE77A160095C557 /* Sources */ = {
			isa = PBXSourcesBuildPhase;
			buildActionMask = 2147483647;
			files = (
				C5CBBD8C1EE77A160095C557 /* WalletTestTests.swift in Sources */,
			);
			runOnlyForDeploymentPostprocessing = 0;
		};
		C5CBBD8E1EE77A160095C557 /* Sources */ = {
			isa = PBXSourcesBuildPhase;
			buildActionMask = 2147483647;
			files = (
				C5CBBD971EE77A160095C557 /* WalletTestUITests.swift in Sources */,
			);
			runOnlyForDeploymentPostprocessing = 0;
		};
/* End PBXSourcesBuildPhase section */

/* Begin PBXTargetDependency section */
		C5CBBD891EE77A160095C557 /* PBXTargetDependency */ = {
			isa = PBXTargetDependency;
			target = C5CBBD721EE77A160095C557 /* WalletTest */;
			targetProxy = C5CBBD881EE77A160095C557 /* PBXContainerItemProxy */;
		};
		C5CBBD941EE77A160095C557 /* PBXTargetDependency */ = {
			isa = PBXTargetDependency;
			target = C5CBBD721EE77A160095C557 /* WalletTest */;
			targetProxy = C5CBBD931EE77A160095C557 /* PBXContainerItemProxy */;
		};
/* End PBXTargetDependency section */

/* Begin PBXVariantGroup section */
		C5CBBD7A1EE77A160095C557 /* Main.storyboard */ = {
			isa = PBXVariantGroup;
			children = (
				C5CBBD7B1EE77A160095C557 /* Base */,
			);
			name = Main.storyboard;
			sourceTree = "<group>";
		};
		C5CBBD7F1EE77A160095C557 /* LaunchScreen.storyboard */ = {
			isa = PBXVariantGroup;
			children = (
				C5CBBD801EE77A160095C557 /* Base */,
			);
			name = LaunchScreen.storyboard;
			sourceTree = "<group>";
		};
/* End PBXVariantGroup section */

/* Begin XCBuildConfiguration section */
		C5CBBD991EE77A160095C557 /* Debug */ = {
			isa = XCBuildConfiguration;
			buildSettings = {
				ALWAYS_SEARCH_USER_PATHS = NO;
				CLANG_ANALYZER_NONNULL = YES;
				CLANG_ANALYZER_NUMBER_OBJECT_CONVERSION = YES_AGGRESSIVE;
				CLANG_CXX_LANGUAGE_STANDARD = "gnu++0x";
				CLANG_CXX_LIBRARY = "libc++";
				CLANG_ENABLE_MODULES = YES;
				CLANG_ENABLE_OBJC_ARC = YES;
				CLANG_WARN_BOOL_CONVERSION = YES;
				CLANG_WARN_CONSTANT_CONVERSION = YES;
				CLANG_WARN_DIRECT_OBJC_ISA_USAGE = YES_ERROR;
				CLANG_WARN_DOCUMENTATION_COMMENTS = YES;
				CLANG_WARN_EMPTY_BODY = YES;
				CLANG_WARN_ENUM_CONVERSION = YES;
				CLANG_WARN_INFINITE_RECURSION = YES;
				CLANG_WARN_INT_CONVERSION = YES;
				CLANG_WARN_OBJC_ROOT_CLASS = YES_ERROR;
				CLANG_WARN_SUSPICIOUS_MOVE = YES;
				CLANG_WARN_UNREACHABLE_CODE = YES;
				CLANG_WARN__DUPLICATE_METHOD_MATCH = YES;
				"CODE_SIGN_IDENTITY[sdk=iphoneos*]" = "iPhone Developer";
				COPY_PHASE_STRIP = NO;
				DEBUG_INFORMATION_FORMAT = dwarf;
				ENABLE_STRICT_OBJC_MSGSEND = YES;
				ENABLE_TESTABILITY = YES;
				GCC_C_LANGUAGE_STANDARD = gnu99;
				GCC_DYNAMIC_NO_PIC = NO;
				GCC_NO_COMMON_BLOCKS = YES;
				GCC_OPTIMIZATION_LEVEL = 0;
				GCC_PREPROCESSOR_DEFINITIONS = (
					"DEBUG=1",
					"$(inherited)",
				);
				GCC_WARN_64_TO_32_BIT_CONVERSION = YES;
				GCC_WARN_ABOUT_RETURN_TYPE = YES_ERROR;
				GCC_WARN_UNDECLARED_SELECTOR = YES;
				GCC_WARN_UNINITIALIZED_AUTOS = YES_AGGRESSIVE;
				GCC_WARN_UNUSED_FUNCTION = YES;
				GCC_WARN_UNUSED_VARIABLE = YES;
				IPHONEOS_DEPLOYMENT_TARGET = 10.3;
				MTL_ENABLE_DEBUG_INFO = YES;
				ONLY_ACTIVE_ARCH = YES;
				SDKROOT = iphoneos;
				SWIFT_ACTIVE_COMPILATION_CONDITIONS = DEBUG;
				SWIFT_OPTIMIZATION_LEVEL = "-Onone";
			};
			name = Debug;
		};
		C5CBBD9A1EE77A160095C557 /* Release */ = {
			isa = XCBuildConfiguration;
			buildSettings = {
				ALWAYS_SEARCH_USER_PATHS = NO;
				CLANG_ANALYZER_NONNULL = YES;
				CLANG_ANALYZER_NUMBER_OBJECT_CONVERSION = YES_AGGRESSIVE;
				CLANG_CXX_LANGUAGE_STANDARD = "gnu++0x";
				CLANG_CXX_LIBRARY = "libc++";
				CLANG_ENABLE_MODULES = YES;
				CLANG_ENABLE_OBJC_ARC = YES;
				CLANG_WARN_BOOL_CONVERSION = YES;
				CLANG_WARN_CONSTANT_CONVERSION = YES;
				CLANG_WARN_DIRECT_OBJC_ISA_USAGE = YES_ERROR;
				CLANG_WARN_DOCUMENTATION_COMMENTS = YES;
				CLANG_WARN_EMPTY_BODY = YES;
				CLANG_WARN_ENUM_CONVERSION = YES;
				CLANG_WARN_INFINITE_RECURSION = YES;
				CLANG_WARN_INT_CONVERSION = YES;
				CLANG_WARN_OBJC_ROOT_CLASS = YES_ERROR;
				CLANG_WARN_SUSPICIOUS_MOVE = YES;
				CLANG_WARN_UNREACHABLE_CODE = YES;
				CLANG_WARN__DUPLICATE_METHOD_MATCH = YES;
				"CODE_SIGN_IDENTITY[sdk=iphoneos*]" = "iPhone Developer";
				COPY_PHASE_STRIP = NO;
				DEBUG_INFORMATION_FORMAT = "dwarf-with-dsym";
				ENABLE_NS_ASSERTIONS = NO;
				ENABLE_STRICT_OBJC_MSGSEND = YES;
				GCC_C_LANGUAGE_STANDARD = gnu99;
				GCC_NO_COMMON_BLOCKS = YES;
				GCC_WARN_64_TO_32_BIT_CONVERSION = YES;
				GCC_WARN_ABOUT_RETURN_TYPE = YES_ERROR;
				GCC_WARN_UNDECLARED_SELECTOR = YES;
				GCC_WARN_UNINITIALIZED_AUTOS = YES_AGGRESSIVE;
				GCC_WARN_UNUSED_FUNCTION = YES;
				GCC_WARN_UNUSED_VARIABLE = YES;
				IPHONEOS_DEPLOYMENT_TARGET = 10.3;
				MTL_ENABLE_DEBUG_INFO = NO;
				SDKROOT = iphoneos;
				SWIFT_OPTIMIZATION_LEVEL = "-Owholemodule";
				VALIDATE_PRODUCT = YES;
			};
			name = Release;
		};
		C5CBBD9C1EE77A160095C557 /* Debug */ = {
			isa = XCBuildConfiguration;
			buildSettings = {
				ASSETCATALOG_COMPILER_APPICON_NAME = AppIcon;
				DEVELOPMENT_TEAM = ZSR6A6D3S4;
				INFOPLIST_FILE = WalletTest/Info.plist;
				LD_RUNPATH_SEARCH_PATHS = "$(inherited) @executable_path/Frameworks";
				PRODUCT_BUNDLE_IDENTIFIER = com.xingshulin.IOSEpocket;
				PRODUCT_NAME = "$(TARGET_NAME)";
				PROVISIONING_PROFILE = "7a136923-f1e5-469e-8e42-faa30ed074e8";
				PROVISIONING_PROFILE_SPECIFIER = EPocket_dev;
				SWIFT_VERSION = 3.0;
			};
			name = Debug;
		};
		C5CBBD9D1EE77A160095C557 /* Release */ = {
			isa = XCBuildConfiguration;
			buildSettings = {
				ASSETCATALOG_COMPILER_APPICON_NAME = AppIcon;
				"CODE_SIGN_IDENTITY[sdk=iphoneos*]" = "iPhone Distribution";
				DEVELOPMENT_TEAM = ZSR6A6D3S4;
				INFOPLIST_FILE = WalletTest/Info.plist;
				LD_RUNPATH_SEARCH_PATHS = "$(inherited) @executable_path/Frameworks";
				PRODUCT_BUNDLE_IDENTIFIER = com.xingshulin.IOSEpocket;
				PRODUCT_NAME = "$(TARGET_NAME)";
				PROVISIONING_PROFILE = "4c898f71-b59d-4e2c-9d1f-f76a3eb3377d";
				PROVISIONING_PROFILE_SPECIFIER = "EPocket-adHoc";
				SWIFT_VERSION = 3.0;
			};
			name = Release;
		};
		C5CBBD9F1EE77A160095C557 /* Debug */ = {
			isa = XCBuildConfiguration;
			buildSettings = {
				ALWAYS_EMBED_SWIFT_STANDARD_LIBRARIES = YES;
				BUNDLE_LOADER = "$(TEST_HOST)";
				DEVELOPMENT_TEAM = S74JYCAJRL;
				INFOPLIST_FILE = WalletTestTests/Info.plist;
				LD_RUNPATH_SEARCH_PATHS = "$(inherited) @executable_path/Frameworks @loader_path/Frameworks";
				PRODUCT_BUNDLE_IDENTIFIER = com..WalletTestTests;
				PRODUCT_NAME = "$(TARGET_NAME)";
				SWIFT_VERSION = 3.0;
				TEST_HOST = "$(BUILT_PRODUCTS_DIR)/WalletTest.app/WalletTest";
			};
			name = Debug;
		};
		C5CBBDA01EE77A160095C557 /* Release */ = {
			isa = XCBuildConfiguration;
			buildSettings = {
				ALWAYS_EMBED_SWIFT_STANDARD_LIBRARIES = YES;
				BUNDLE_LOADER = "$(TEST_HOST)";
				DEVELOPMENT_TEAM = S74JYCAJRL;
				INFOPLIST_FILE = WalletTestTests/Info.plist;
				LD_RUNPATH_SEARCH_PATHS = "$(inherited) @executable_path/Frameworks @loader_path/Frameworks";
				PRODUCT_BUNDLE_IDENTIFIER = com..WalletTestTests;
				PRODUCT_NAME = "$(TARGET_NAME)";
				SWIFT_VERSION = 3.0;
				TEST_HOST = "$(BUILT_PRODUCTS_DIR)/WalletTest.app/WalletTest";
			};
			name = Release;
		};
		C5CBBDA21EE77A160095C557 /* Debug */ = {
			isa = XCBuildConfiguration;
			buildSettings = {
				ALWAYS_EMBED_SWIFT_STANDARD_LIBRARIES = YES;
				DEVELOPMENT_TEAM = S74JYCAJRL;
				INFOPLIST_FILE = WalletTestUITests/Info.plist;
				LD_RUNPATH_SEARCH_PATHS = "$(inherited) @executable_path/Frameworks @loader_path/Frameworks";
				PRODUCT_BUNDLE_IDENTIFIER = com..WalletTestUITests;
				PRODUCT_NAME = "$(TARGET_NAME)";
				SWIFT_VERSION = 3.0;
				TEST_TARGET_NAME = WalletTest;
			};
			name = Debug;
		};
		C5CBBDA31EE77A160095C557 /* Release */ = {
			isa = XCBuildConfiguration;
			buildSettings = {
				ALWAYS_EMBED_SWIFT_STANDARD_LIBRARIES = YES;
				DEVELOPMENT_TEAM = S74JYCAJRL;
				INFOPLIST_FILE = WalletTestUITests/Info.plist;
				LD_RUNPATH_SEARCH_PATHS = "$(inherited) @executable_path/Frameworks @loader_path/Frameworks";
				PRODUCT_BUNDLE_IDENTIFIER = com..WalletTestUITests;
				PRODUCT_NAME = "$(TARGET_NAME)";
				SWIFT_VERSION = 3.0;
				TEST_TARGET_NAME = WalletTest;
			};
			name = Release;
		};
/* End XCBuildConfiguration section */

/* Begin XCConfigurationList section */
		C5CBBD6E1EE77A160095C557 /* Build configuration list for PBXProject "WalletTest" */ = {
			isa = XCConfigurationList;
			buildConfigurations = (
				C5CBBD991EE77A160095C557 /* Debug */,
				C5CBBD9A1EE77A160095C557 /* Release */,
			);
			defaultConfigurationIsVisible = 0;
			defaultConfigurationName = Release;
		};
		C5CBBD9B1EE77A160095C557 /* Build configuration list for PBXNativeTarget "WalletTest" */ = {
			isa = XCConfigurationList;
			buildConfigurations = (
				C5CBBD9C1EE77A160095C557 /* Debug */,
				C5CBBD9D1EE77A160095C557 /* Release */,
			);
			defaultConfigurationIsVisible = 0;
			defaultConfigurationName = Release;
		};
		C5CBBD9E1EE77A160095C557 /* Build configuration list for PBXNativeTarget "WalletTestTests" */ = {
			isa = XCConfigurationList;
			buildConfigurations = (
				C5CBBD9F1EE77A160095C557 /* Debug */,
				C5CBBDA01EE77A160095C557 /* Release */,
			);
			defaultConfigurationIsVisible = 0;
			defaultConfigurationName = Release;
		};
		C5CBBDA11EE77A160095C557 /* Build configuration list for PBXNativeTarget "WalletTestUITests" */ = {
			isa = XCConfigurationList;
			buildConfigurations = (
				C5CBBDA21EE77A160095C557 /* Debug */,
				C5CBBDA31EE77A160095C557 /* Release */,
			);
			defaultConfigurationIsVisible = 0;
			defaultConfigurationName = Release;
		};
/* End XCConfigurationList section */
	};
	rootObject = C5CBBD6B1EE77A160095C557 /* Project object */;
}
